{
  "name": "xrptipbot-alexa-skill",
  "version": "0.0.1",
  "lockfileVersion": 1,
  "requires": true,
  "dependencies": {
    "ask-sdk": {
      "version": "2.2.0",
      "resolved": "https://registry.npmjs.org/ask-sdk/-/ask-sdk-2.2.0.tgz",
      "integrity": "sha512-SyJG9bJmEXuhX1wIc9C6M2RTBNGrFNxHk7eXTs1rM7/PWmK3UNDkbA+P4UCtgnZxN47L9KvdzAQAY5u8VXVTsg==",
      "requires": {
        "ask-sdk-core": "^2.2.0",
        "ask-sdk-dynamodb-persistence-adapter": "^2.2.0",
        "ask-sdk-model": "^1.0.0"
      }
    },
    "ask-sdk-core": {
      "version": "2.2.0",
      "resolved": "https://registry.npmjs.org/ask-sdk-core/-/ask-sdk-core-2.2.0.tgz",
      "integrity": "sha512-JOaBWMDTrR2LL5ZlaLiDr12Oy7X4WCGxLp3lkUFuW9HpdqoP4NfKn53XUbwBdH2mwcUuU0tZfBZifMpOdJefJg==",
      "requires": {
        "ask-sdk-runtime": "^2.2.0"
      }
    },
    "ask-sdk-dynamodb-persistence-adapter": {
      "version": "2.2.0",
      "resolved": "https://registry.npmjs.org/ask-sdk-dynamodb-persistence-adapter/-/ask-sdk-dynamodb-persistence-adapter-2.2.0.tgz",
      "integrity": "sha512-fAmrRodKfYKKbBnjQqLJ29wBN6zY0bF/SP4xqfK2CCRfgjs/j+MKDb7mGrGnYynroUk4ncWv99TZdIEDS/GH/Q==",
      "requires": {
        "aws-sdk": "^2.163.0"
      }
    },
    "ask-sdk-model": {
      "version": "1.8.0",
      "resolved": "https://registry.npmjs.org/ask-sdk-model/-/ask-sdk-model-1.8.0.tgz",
      "integrity": "sha512-qwoVWn8NYr2YeJa4VDh2H++gzHyLFsYLHg0vJB2vdYWx5gW8jy1zSUCk4b0HWs1m9MzL7GtP5VHGnz1K35RPAQ=="
    },
    "ask-sdk-runtime": {
      "version": "2.2.0",
      "resolved": "https://registry.npmjs.org/ask-sdk-runtime/-/ask-sdk-runtime-2.2.0.tgz",
      "integrity": "sha512-pYqTizpk+13l7sU/bdyIZKRptyR7fP05T8OdY0/tpD8WQaCyIvPigIEHjYcXN0Yz23FkKECbIRvfXN9OQ7Ka5w=="
    },
    "aws-sdk": {
      "version": "2.346.0",
      "resolved": "https://registry.npmjs.org/aws-sdk/-/aws-sdk-2.346.0.tgz",
      "integrity": "sha512-4nJfbsK5Chu1ujIHHuvzRz7Ypu9Rbb8KQ/9T5QkVKUaQkl7AUnaUyENykIjhUybQlyg6uqPXg4JTK0801P+OfA==",
      "requires": {
        "buffer": "4.9.1",
        "events": "1.1.1",
        "ieee754": "1.1.8",
        "jmespath": "0.15.0",
        "querystring": "0.2.0",
        "sax": "1.2.1",
        "url": "0.10.3",
        "uuid": "3.1.0",
        "xml2js": "0.4.19"
      }
    },
    "base64-js": {
      "version": "1.3.0",
      "resolved": "https://registry.npmjs.org/base64-js/-/base64-js-1.3.0.tgz",
      "integrity": "sha512-ccav/yGvoa80BQDljCxsmmQ3Xvx60/UpBIij5QN21W3wBi/hhIC9OoO+KLpu9IJTS9j4DRVJ3aDDF9cMSoa2lw=="
    },
    "buffer": {
      "version": "4.9.1",
      "resolved": "http://registry.npmjs.org/buffer/-/buffer-4.9.1.tgz",
      "integrity": "sha1-bRu2AbB6TvztlwlBMgkwJ8lbwpg=",
      "requires": {
        "base64-js": "^1.0.2",
        "ieee754": "^1.1.4",
        "isarray": "^1.0.0"
      }
    },
    "events": {
      "version": "1.1.1",
      "resolved": "http://registry.npmjs.org/events/-/events-1.1.1.tgz",
      "integrity": "sha1-nr23Y1rQmccNzEwqH1AEKI6L2SQ="
    },
    "fast-levenshtein": {
      "version": "2.0.6",
      "resolved": "https://registry.npmjs.org/fast-levenshtein/-/fast-levenshtein-2.0.6.tgz",
      "integrity": "sha1-PYpcZog6FqMMqGQ+hR8Zuqd5eRc="
    },
    "html-entities": {
      "version": "1.2.1",
      "resolved": "https://registry.npmjs.org/html-entities/-/html-entities-1.2.1.tgz",
      "integrity": "sha1-DfKTUfByEWNRXfueVUPl9u7VFi8="
    },
    "i18next": {
      "version": "12.0.0",
      "resolved": "https://registry.npmjs.org/i18next/-/i18next-12.0.0.tgz",
      "integrity": "sha512-Zy/nFpmBZxgmi6k9HkHbf+MwvAwiY5BDzNjNfvyLPKyalc2YBwwZtblESDlTKLDO8XSv23qYRY2uZcADDlRSjQ=="
    },
    "i18next-sprintf-postprocessor": {
      "version": "0.2.2",
      "resolved": "https://registry.npmjs.org/i18next-sprintf-postprocessor/-/i18next-sprintf-postprocessor-0.2.2.tgz",
      "integrity": "sha1-LkCfEENXk4Jpi2otpwzapVHWfqQ="
    },
    "ieee754": {
      "version": "1.1.8",
      "resolved": "https://registry.npmjs.org/ieee754/-/ieee754-1.1.8.tgz",
      "integrity": "sha1-vjPUCsEO8ZJnAfbwii2G+/0a0+Q="
    },
    "isarray": {
      "version": "1.0.0",
      "resolved": "https://registry.npmjs.org/isarray/-/isarray-1.0.0.tgz",
      "integrity": "sha1-u5NdSFgsuhaMBoNJV6VKPgcSTxE="
    },
    "jmespath": {
      "version": "0.15.0",
      "resolved": "https://registry.npmjs.org/jmespath/-/jmespath-0.15.0.tgz",
      "integrity": "sha1-o/Iiqarp+Wb10nx5ZRDigJF2Qhc="
    },
    "lodash": {
      "version": "4.17.11",
      "resolved": "https://registry.npmjs.org/lodash/-/lodash-4.17.11.tgz",
      "integrity": "sha512-cQKh8igo5QUhZ7lg38DYWAxMvjSAKG0A8wGSVimP07SIUEK2UO+arSRKbRZWtelMtN5V0Hkwh5ryOto/SshYIg=="
    },
    "long": {
      "version": "4.0.0",
      "resolved": "https://registry.npmjs.org/long/-/long-4.0.0.tgz",
      "integrity": "sha512-XsP+KhQif4bjX1kbuSiySJFNAehNxgLb6hPRGJ9QsUr8ajHkuXGdrHmFUTUUXhDwVX2R5bY4JNZEwbUiMhV+MA=="
    },
    "mnemonist": {
      "version": "0.14.0",
      "resolved": "https://registry.npmjs.org/mnemonist/-/mnemonist-0.14.0.tgz",
      "integrity": "sha512-GosoNab9mShR9w6QJA+bFT9NC2fN+2smFuQ6dEvjt4myuMLFvy63qeFE0cJZ8DQQxmCrqKftTAA/8N686cRPiQ==",
      "requires": {
        "obliterator": "^1.2.1"
      }
    },
    "node-fetch": {
      "version": "2.2.0",
      "resolved": "https://registry.npmjs.org/node-fetch/-/node-fetch-2.2.0.tgz",
      "integrity": "sha512-OayFWziIxiHY8bCUyLX6sTpDH8Jsbp4FfYd1j1f7vZyfgkcOnAyM4oQR16f8a0s7Gl/viMGRey8eScYk4V4EZA=="
    },
    "obliterator": {
      "version": "1.5.0",
      "resolved": "https://registry.npmjs.org/obliterator/-/obliterator-1.5.0.tgz",
      "integrity": "sha512-dENe0UviDf8/auXn0bIBKwCcUr49khvSBWDLlszv/ZB2qz1VxWDmkNKFqO2nfmve7hQb/QIDY7+rc7K3LdJimQ=="
    },
    "pandemonium": {
      "version": "1.4.1",
      "resolved": "https://registry.npmjs.org/pandemonium/-/pandemonium-1.4.1.tgz",
      "integrity": "sha512-KhwY9xv8tZGQE8L7FfzaTHrLH+JnarUsDlsa8mqfisjtU3J00P362IL52Ei/EhDp025yBDzPuES/zMdWvvAR5g=="
    },
    "punycode": {
      "version": "1.3.2",
      "resolved": "https://registry.npmjs.org/punycode/-/punycode-1.3.2.tgz",
      "integrity": "sha1-llOgNvt8HuQjQvIyXM7v6jkmxI0="
    },
    "querystring": {
      "version": "0.2.0",
      "resolved": "https://registry.npmjs.org/querystring/-/querystring-0.2.0.tgz",
      "integrity": "sha1-sgmEkgO7Jd+CDadW50cAWHhSFiA="
    },
    "sax": {
      "version": "1.2.1",
      "resolved": "http://registry.npmjs.org/sax/-/sax-1.2.1.tgz",
      "integrity": "sha1-e45lYZCyKOgaZq6nSEgNgozS03o="
    },
    "string-similarity": {
      "version": "2.0.0",
      "resolved": "https://registry.npmjs.org/string-similarity/-/string-similarity-2.0.0.tgz",
      "integrity": "sha512-62FBZrVXV5cI23bQ9L49Y4d9u9yaH61JhAwLyUFUzQbHDjdihxdfCwIherg+vylR/s4ucCddK8iKSEO7kinffQ=="
    },
    "talisman": {
      "version": "0.21.0",
      "resolved": "https://registry.npmjs.org/talisman/-/talisman-0.21.0.tgz",
      "integrity": "sha512-KUUq5mpHxJlvENZLsgngVxc08rtCGIs+v1Xfs41fbni+ysDJGWsZUDVER6JVV79eKiIFzECEQLrgunchc3M5WQ==",
      "requires": {
        "html-entities": "^1.2.0",
        "lodash": "^4.6.1",
        "long": "^3.1.0",
        "mnemonist": "^0.14.0",
        "obliterator": "^1.2.0",
        "pandemonium": "^1.0.2"
      },
      "dependencies": {
        "long": {
          "version": "3.2.0",
          "resolved": "https://registry.npmjs.org/long/-/long-3.2.0.tgz",
          "integrity": "sha1-2CG3E4yhy1gcFymQ7xTbIAtcR0s="
        }
      }
    },
    "url": {
      "version": "0.10.3",
      "resolved": "https://registry.npmjs.org/url/-/url-0.10.3.tgz",
      "integrity": "sha1-Ah5NnHcF8hu/N9A861h2dAJ3TGQ=",
      "requires": {
        "punycode": "1.3.2",
        "querystring": "0.2.0"
      }
    },
    "uuid": {
      "version": "3.1.0",
      "resolved": "https://registry.npmjs.org/uuid/-/uuid-3.1.0.tgz",
      "integrity": "sha512-DIWtzUkw04M4k3bf1IcpS2tngXEL26YUD2M0tMDUpnUrz2hgzUBlD55a4FjdLGPvfHxS6uluGWvaVEqgBcVa+g=="
    },
    "xml2js": {
      "version": "0.4.19",
      "resolved": "https://registry.npmjs.org/xml2js/-/xml2js-0.4.19.tgz",
      "integrity": "sha512-esZnJZJOiJR9wWKMyuvSE1y6Dq5LCuJanqhxslH2bxM6duahNZ+HMpCLhBQGZkbX6xRf8x1Y2eJlgt2q3qo49Q==",
      "requires": {
        "sax": ">=0.6.0",
        "xmlbuilder": "~9.0.1"
      }
    },
    "xmlbuilder": {
      "version": "9.0.7",
      "resolved": "http://registry.npmjs.org/xmlbuilder/-/xmlbuilder-9.0.7.tgz",
      "integrity": "sha1-Ey7mPS7FVlxVfiD0wi35rKaGsQ0="
    }
  }
}
